
Microsoft Visual Studio Solution File, Format Version 12.00
# Visual Studio 15
VisualStudioVersion = 15.0.28307.421
MinimumVisualStudioVersion = 10.0.40219.1
Project("{FAE04EC0-301F-11D3-BF4B-00C04F79EFBC}") = "CSharpKatas", "CSharpKatas\CSharpKatas.csproj", "{FADAB9C6-76C1-4951-A82B-3AC2A9F18031}"
EndProject
Project("{FAE04EC0-301F-11D3-BF4B-00C04F79EFBC}") = "ShortestWord", "ShortestWord\ShortestWord.csproj", "{11C0A16B-54A8-4DDB-860B-F04D287F74D5}"
EndProject
Project("{FAE04EC0-301F-11D3-BF4B-00C04F79EFBC}") = "ShortestWordTests", "ShortestWordTests\ShortestWordTests.csproj", "{CAB89DC0-2144-4131-80FE-D0A1BD6C5227}"
EndProject
Global
	GlobalSection(SolutionConfigurationPlatforms) = preSolution
		Debug|Any CPU = Debug|Any CPU
		Release|Any CPU = Release|Any CPU
	EndGlobalSection
	GlobalSection(ProjectConfigurationPlatforms) = postSolution
		{FADAB9C6-76C1-4951-A82B-3AC2A9F18031}.Debug|Any CPU.ActiveCfg = Debug|Any CPU
		{FADAB9C6-76C1-4951-A82B-3AC2A9F18031}.Debug|Any CPU.Build.0 = Debug|Any CPU
		{FADAB9C6-76C1-4951-A82B-3AC2A9F18031}.Release|Any CPU.ActiveCfg = Release|Any CPU
		{FADAB9C6-76C1-4951-A82B-3AC2A9F18031}.Release|Any CPU.Build.0 = Release|Any CPU
		{11C0A16B-54A8-4DDB-860B-F04D287F74D5}.Debug|Any CPU.ActiveCfg = Debug|Any CPU
		{11C0A16B-54A8-4DDB-860B-F04D287F74D5}.Debug|Any CPU.Build.0 = Debug|Any CPU
		{11C0A16B-54A8-4DDB-860B-F04D287F74D5}.Release|Any CPU.ActiveCfg = Release|Any CPU
		{11C0A16B-54A8-4DDB-860B-F04D287F74D5}.Release|Any CPU.Build.0 = Release|Any CPU
		{CAB89DC0-2144-4131-80FE-D0A1BD6C5227}.Debug|Any CPU.ActiveCfg = Debug|Any CPU
		{CAB89DC0-2144-4131-80FE-D0A1BD6C5227}.Debug|Any CPU.Build.0 = Debug|Any CPU
		{CAB89DC0-2144-4131-80FE-D0A1BD6C5227}.Release|Any CPU.ActiveCfg = Release|Any CPU
		{CAB89DC0-2144-4131-80FE-D0A1BD6C5227}.Release|Any CPU.Build.0 = Release|Any CPU
	EndGlobalSection
	GlobalSection(SolutionProperties) = preSolution
		HideSolutionNode = FALSE
	EndGlobalSection
	GlobalSection(ExtensibilityGlobals) = postSolution
		SolutionGuid = {B548FBA7-BD94-46EE-8503-FDB0A359E219}
	EndGlobalSection
EndGlobal
